{
  "originHash" : "8913e070e0c8f756fb3af74bf39e8e720c733de8bfcd20133d3b85edf0a706b9",
  "pins" : [
    {
      "identity" : "ios-maps-sdk",
      "kind" : "remoteSourceControl",
      "location" : "https://github.com/googlemaps/ios-maps-sdk",
      "state" : {
        "revision" : "71e09fe4c751d59d7b1e524e998f786b429b1b14",
        "version" : "10.6.0"
      }
    },
    {
      "identity" : "ios-places-sdk",
      "kind" : "remoteSourceControl",
      "location" : "https://github.com/googlemaps/ios-places-sdk",
      "state" : {
        "revision" : "ec1d33428f29ac7f9369f858cff0feeec0260723",
        "version" : "10.6.0"
      }
    }
  ],
  "version" : 3
}
